
Microsoft Visual Studio Solution File, Format Version 12.00
Project("{FAE04EC0-301F-11D3-BF4B-00C04F79EFBC}") = "ANCIA 6.4", "ANCIA 6.4\ANCIA 6.4.csproj", "{530CE603-6F9F-44DD-9F2B-46C2177286D2}"
EndProject
Global
	GlobalSection(SolutionConfigurationPlatforms) = preSolution
		Debug|Any CPU = Debug|Any CPU
		Release|Any CPU = Release|Any CPU
	EndGlobalSection
	GlobalSection(ProjectConfigurationPlatforms) = postSolution
		{530CE603-6F9F-44DD-9F2B-46C2177286D2}.Debug|Any CPU.ActiveCfg = Debug|Any CPU
		{530CE603-6F9F-44DD-9F2B-46C2177286D2}.Debug|Any CPU.Build.0 = Debug|Any CPU
		{530CE603-6F9F-44DD-9F2B-46C2177286D2}.Release|Any CPU.ActiveCfg = Release|Any CPU
		{530CE603-6F9F-44DD-9F2B-46C2177286D2}.Release|Any CPU.Build.0 = Release|Any CPU
	EndGlobalSection
EndGlobal
